
Microsoft Visual Studio Solution File, Format Version 12.00
# Visual Studio Version 17
VisualStudioVersion = 17.4.33110.190
MinimumVisualStudioVersion = 10.0.40219.1
Project("{FAE04EC0-301F-11D3-BF4B-00C04F79EFBC}") = "Add-Flower", "Add-Flower\Add-Flower.csproj", "{9D47A47C-AAF8-4FA1-89F0-215166FCC65D}"
EndProject
Global
	GlobalSection(SolutionConfigurationPlatforms) = preSolution
		Debug|Any CPU = Debug|Any CPU
		Release|Any CPU = Release|Any CPU
	EndGlobalSection
	GlobalSection(ProjectConfigurationPlatforms) = postSolution
		{9D47A47C-AAF8-4FA1-89F0-215166FCC65D}.Debug|Any CPU.ActiveCfg = Debug|Any CPU
		{9D47A47C-AAF8-4FA1-89F0-215166FCC65D}.Debug|Any CPU.Build.0 = Debug|Any CPU
		{9D47A47C-AAF8-4FA1-89F0-215166FCC65D}.Release|Any CPU.ActiveCfg = Release|Any CPU
		{9D47A47C-AAF8-4FA1-89F0-215166FCC65D}.Release|Any CPU.Build.0 = Release|Any CPU
	EndGlobalSection
	GlobalSection(SolutionProperties) = preSolution
		HideSolutionNode = FALSE
	EndGlobalSection
	GlobalSection(ExtensibilityGlobals) = postSolution
		SolutionGuid = {222E18E8-CC1B-4B63-A5C4-A5B98D29A551}
	EndGlobalSection
EndGlobal
